// !$*UTF8*$!
{
	archiveVersion = 1;
	classes = {
	};
	objectVersion = 46;
	objects = {

/* Begin PBXBuildFile section */
		1C559D321F690BC5008CEF2E /* main.m in Sources */ = {isa = PBXBuildFile; fileRef = 1C559D311F690BC5008CEF2E /* main.m */; };
		1C559D351F690BC5008CEF2E /* AppDelegate.m in Sources */ = {isa = PBXBuildFile; fileRef = 1C559D341F690BC5008CEF2E /* AppDelegate.m */; };
		1C559D381F690BC5008CEF2E /* ViewController.m in Sources */ = {isa = PBXBuildFile; fileRef = 1C559D371F690BC5008CEF2E /* ViewController.m */; };
		1C559D3B1F690BC5008CEF2E /* Main.storyboard in Resources */ = {isa = PBXBuildFile; fileRef = 1C559D391F690BC5008CEF2E /* Main.storyboard */; };
		1C559D3D1F690BC5008CEF2E /* Assets.xcassets in Resources */ = {isa = PBXBuildFile; fileRef = 1C559D3C1F690BC5008CEF2E /* Assets.xcassets */; };
		1C559D401F690BC5008CEF2E /* LaunchScreen.storyboard in Resources */ = {isa = PBXBuildFile; fileRef = 1C559D3E1F690BC5008CEF2E /* LaunchScreen.storyboard */; };
		1C559D4D1F691CB4008CEF2E /* ViewController+Color.m in Sources */ = {isa = PBXBuildFile; fileRef = 1C559D4C1F691CB4008CEF2E /* ViewController+Color.m */; };
		1C559D501F691CC3008CEF2E /* ViewController+Value.m in Sources */ = {isa = PBXBuildFile; fileRef = 1C559D4F1F691CC3008CEF2E /* ViewController+Value.m */; };
/* End PBXBuildFile section */

/* Begin PBXFileReference section */
		1C559D2D1F690BC5008CEF2E /* OCTrump.app */ = {isa = PBXFileReference; explicitFileType = wrapper.application; includeInIndex = 0; path = OCTrump.app; sourceTree = BUILT_PRODUCTS_DIR; };
		1C559D311F690BC5008CEF2E /* main.m */ = {isa = PBXFileReference; lastKnownFileType = sourcecode.c.objc; path = main.m; sourceTree = "<group>"; };
		1C559D331F690BC5008CEF2E /* AppDelegate.h */ = {isa = PBXFileReference; lastKnownFileType = sourcecode.c.h; path = AppDelegate.h; sourceTree = "<group>"; };
		1C559D341F690BC5008CEF2E /* AppDelegate.m */ = {isa = PBXFileReference; lastKnownFileType = sourcecode.c.objc; path = AppDelegate.m; sourceTree = "<group>"; };
		1C559D361F690BC5008CEF2E /* ViewController.h */ = {isa = PBXFileReference; lastKnownFileType = sourcecode.c.h; path = ViewController.h; sourceTree = "<group>"; };
		1C559D371F690BC5008CEF2E /* ViewController.m */ = {isa = PBXFileReference; lastKnownFileType = sourcecode.c.objc; path = ViewController.m; sourceTree = "<group>"; };
		1C559D3A1F690BC5008CEF2E /* Base */ = {isa = PBXFileReference; lastKnownFileType = file.storyboard; name = Base; path = Base.lproj/Main.storyboard; sourceTree = "<group>"; };
		1C559D3C1F690BC5008CEF2E /* Assets.xcassets */ = {isa = PBXFileReference; lastKnownFileType = folder.assetcatalog; path = Assets.xcassets; sourceTree = "<group>"; };
		1C559D3F1F690BC5008CEF2E /* Base */ = {isa = PBXFileReference; lastKnownFileType = file.storyboard; name = Base; path = Base.lproj/LaunchScreen.storyboard; sourceTree = "<group>"; };
		1C559D411F690BC5008CEF2E /* Info.plist */ = {isa = PBXFileReference; lastKnownFileType = text.plist.xml; path = Info.plist; sourceTree = "<group>"; };
		1C559D471F690C08008CEF2E /* ViewController+Private.h */ = {isa = PBXFileReference; fileEncoding = 4; lastKnownFileType = sourcecode.c.h; path = "ViewController+Private.h"; sourceTree = "<group>"; };
		1C559D4B1F691CB4008CEF2E /* ViewController+Color.h */ = {isa = PBXFileReference; fileEncoding = 4; lastKnownFileType = sourcecode.c.h; path = "ViewController+Color.h"; sourceTree = "<group>"; };
		1C559D4C1F691CB4008CEF2E /* ViewController+Color.m */ = {isa = PBXFileReference; fileEncoding = 4; lastKnownFileType = sourcecode.c.objc; path = "ViewController+Color.m"; sourceTree = "<group>"; };
		1C559D4E1F691CC3008CEF2E /* ViewController+Value.h */ = {isa = PBXFileReference; fileEncoding = 4; lastKnownFileType = sourcecode.c.h; path = "ViewController+Value.h"; sourceTree = "<group>"; };
		1C559D4F1F691CC3008CEF2E /* ViewController+Value.m */ = {isa = PBXFileReference; fileEncoding = 4; lastKnownFileType = sourcecode.c.objc; path = "ViewController+Value.m"; sourceTree = "<group>"; };
/* End PBXFileReference section */

/* Begin PBXFrameworksBuildPhase section */
		1C559D2A1F690BC5008CEF2E /* Frameworks */ = {
			isa = PBXFrameworksBuildPhase;
			buildActionMask = 2147483647;
			files = (
			);
			runOnlyForDeploymentPostprocessing = 0;
		};
/* End PBXFrameworksBuildPhase section */

/* Begin PBXGroup section */
		1C559D241F690BC5008CEF2E = {
			isa = PBXGroup;
			children = (
				1C559D2F1F690BC5008CEF2E /* OCTrump */,
				1C559D2E1F690BC5008CEF2E /* Products */,
			);
			sourceTree = "<group>";
		};
		1C559D2E1F690BC5008CEF2E /* Products */ = {
			isa = PBXGroup;
			children = (
				1C559D2D1F690BC5008CEF2E /* OCTrump.app */,
			);
			name = Products;
			sourceTree = "<group>";
		};
		1C559D2F1F690BC5008CEF2E /* OCTrump */ = {
			isa = PBXGroup;
			children = (
				1C559D331F690BC5008CEF2E /* AppDelegate.h */,
				1C559D341F690BC5008CEF2E /* AppDelegate.m */,
				1C559D511F6927D7008CEF2E /* HomepageViewController */,
				1C559D391F690BC5008CEF2E /* Main.storyboard */,
				1C559D3C1F690BC5008CEF2E /* Assets.xcassets */,
				1C559D3E1F690BC5008CEF2E /* LaunchScreen.storyboard */,
				1C559D411F690BC5008CEF2E /* Info.plist */,
				1C559D301F690BC5008CEF2E /* Supporting Files */,
			);
			path = OCTrump;
			sourceTree = "<group>";
		};
		1C559D301F690BC5008CEF2E /* Supporting Files */ = {
			isa = PBXGroup;
			children = (
				1C559D311F690BC5008CEF2E /* main.m */,
			);
			name = "Supporting Files";
			sourceTree = "<group>";
		};
		1C559D511F6927D7008CEF2E /* HomepageViewController */ = {
			isa = PBXGroup;
			children = (
				1C559D361F690BC5008CEF2E /* ViewController.h */,
				1C559D371F690BC5008CEF2E /* ViewController.m */,
				1C559D471F690C08008CEF2E /* ViewController+Private.h */,
				1C559D4B1F691CB4008CEF2E /* ViewController+Color.h */,
				1C559D4C1F691CB4008CEF2E /* ViewController+Color.m */,
				1C559D4E1F691CC3008CEF2E /* ViewController+Value.h */,
				1C559D4F1F691CC3008CEF2E /* ViewController+Value.m */,
			);
			name = HomepageViewController;
			sourceTree = "<group>";
		};
/* End PBXGroup section */

/* Begin PBXNativeTarget section */
		1C559D2C1F690BC5008CEF2E /* OCTrump */ = {
			isa = PBXNativeTarget;
			buildConfigurationList = 1C559D441F690BC5008CEF2E /* Build configuration list for PBXNativeTarget "OCTrump" */;
			buildPhases = (
				1C559D291F690BC5008CEF2E /* Sources */,
				1C559D2A1F690BC5008CEF2E /* Frameworks */,
				1C559D2B1F690BC5008CEF2E /* Resources */,
			);
			buildRules = (
			);
			dependencies = (
			);
			name = OCTrump;
			productName = OCTrump;
			productReference = 1C559D2D1F690BC5008CEF2E /* OCTrump.app */;
			productType = "com.apple.product-type.application";
		};
/* End PBXNativeTarget section */

/* Begin PBXProject section */
		1C559D251F690BC5008CEF2E /* Project object */ = {
			isa = PBXProject;
			attributes = {
				LastUpgradeCheck = 0830;
				ORGANIZATIONNAME = com.zolobdz.www;
				TargetAttributes = {
					1C559D2C1F690BC5008CEF2E = {
						CreatedOnToolsVersion = 8.3.3;
						DevelopmentTeam = J2R2WQN5F8;
						ProvisioningStyle = Automatic;
					};
				};
			};
			buildConfigurationList = 1C559D281F690BC5008CEF2E /* Build configuration list for PBXProject "OCTrump" */;
			compatibilityVersion = "Xcode 3.2";
			developmentRegion = English;
			hasScannedForEncodings = 0;
			knownRegions = (
				en,
				Base,
			);
			mainGroup = 1C559D241F690BC5008CEF2E;
			productRefGroup = 1C559D2E1F690BC5008CEF2E /* Products */;
			projectDirPath = "";
			projectRoot = "";
			targets = (
				1C559D2C1F690BC5008CEF2E /* OCTrump */,
			);
		};
/* End PBXProject section */

/* Begin PBXResourcesBuildPhase section */
		1C559D2B1F690BC5008CEF2E /* Resources */ = {
			isa = PBXResourcesBuildPhase;
			buildActionMask = 2147483647;
			files = (
				1C559D401F690BC5008CEF2E /* LaunchScreen.storyboard in Resources */,
				1C559D3D1F690BC5008CEF2E /* Assets.xcassets in Resources */,
				1C559D3B1F690BC5008CEF2E /* Main.storyboard in Resources */,
			);
			runOnlyForDeploymentPostprocessing = 0;
		};
/* End PBXResourcesBuildPhase section */

/* Begin PBXSourcesBuildPhase section */
		1C559D291F690BC5008CEF2E /* Sources */ = {
			isa = PBXSourcesBuildPhase;
			buildActionMask = 2147483647;
			files = (
				1C559D381F690BC5008CEF2E /* ViewController.m in Sources */,
				1C559D351F690BC5008CEF2E /* AppDelegate.m in Sources */,
				1C559D501F691CC3008CEF2E /* ViewController+Value.m in Sources */,
				1C559D4D1F691CB4008CEF2E /* ViewController+Color.m in Sources */,
				1C559D321F690BC5008CEF2E /* main.m in Sources */,
			);
			runOnlyForDeploymentPostprocessing = 0;
		};
/* End PBXSourcesBuildPhase section */

/* Begin PBXVariantGroup section */
		1C559D391F690BC5008CEF2E /* Main.storyboard */ = {
			isa = PBXVariantGroup;
			children = (
				1C559D3A1F690BC5008CEF2E /* Base */,
			);
			name = Main.storyboard;
			sourceTree = "<group>";
		};
		1C559D3E1F690BC5008CEF2E /* LaunchScreen.storyboard */ = {
			isa = PBXVariantGroup;
			children = (
				1C559D3F1F690BC5008CEF2E /* Base */,
			);
			name = LaunchScreen.storyboard;
			sourceTree = "<group>";
		};
/* End PBXVariantGroup section */

/* Begin XCBuildConfiguration section */
		1C559D421F690BC5008CEF2E /* Debug */ = {
			isa = XCBuildConfiguration;
			buildSettings = {
				ALWAYS_SEARCH_USER_PATHS = NO;
				CLANG_ANALYZER_NONNULL = YES;
				CLANG_ANALYZER_NUMBER_OBJECT_CONVERSION = YES_AGGRESSIVE;
				CLANG_CXX_LANGUAGE_STANDARD = "gnu++0x";
				CLANG_CXX_LIBRARY = "libc++";
				CLANG_ENABLE_MODULES = YES;
				CLANG_ENABLE_OBJC_ARC = YES;
				CLANG_WARN_BOOL_CONVERSION = YES;
				CLANG_WARN_CONSTANT_CONVERSION = YES;
				CLANG_WARN_DIRECT_OBJC_ISA_USAGE = YES_ERROR;
				CLANG_WARN_DOCUMENTATION_COMMENTS = YES;
				CLANG_WARN_EMPTY_BODY = YES;
				CLANG_WARN_ENUM_CONVERSION = YES;
				CLANG_WARN_INFINITE_RECURSION = YES;
				CLANG_WARN_INT_CONVERSION = YES;
				CLANG_WARN_OBJC_ROOT_CLASS = YES_ERROR;
				CLANG_WARN_SUSPICIOUS_MOVE = YES;
				CLANG_WARN_UNREACHABLE_CODE = YES;
				CLANG_WARN__DUPLICATE_METHOD_MATCH = YES;
				"CODE_SIGN_IDENTITY[sdk=iphoneos*]" = "iPhone Developer";
				COPY_PHASE_STRIP = NO;
				DEBUG_INFORMATION_FORMAT = dwarf;
				ENABLE_STRICT_OBJC_MSGSEND = YES;
				ENABLE_TESTABILITY = YES;
				GCC_C_LANGUAGE_STANDARD = gnu99;
				GCC_DYNAMIC_NO_PIC = NO;
				GCC_NO_COMMON_BLOCKS = YES;
				GCC_OPTIMIZATION_LEVEL = 0;
				GCC_PREPROCESSOR_DEFINITIONS = (
					"DEBUG=1",
					"$(inherited)",
				);
				GCC_WARN_64_TO_32_BIT_CONVERSION = YES;
				GCC_WARN_ABOUT_RETURN_TYPE = YES_ERROR;
				GCC_WARN_UNDECLARED_SELECTOR = YES;
				GCC_WARN_UNINITIALIZED_AUTOS = YES_AGGRESSIVE;
				GCC_WARN_UNUSED_FUNCTION = YES;
				GCC_WARN_UNUSED_VARIABLE = YES;
				IPHONEOS_DEPLOYMENT_TARGET = 10.3;
				MTL_ENABLE_DEBUG_INFO = YES;
				ONLY_ACTIVE_ARCH = YES;
				SDKROOT = iphoneos;
			};
			name = Debug;
		};
		1C559D431F690BC5008CEF2E /* Release */ = {
			isa = XCBuildConfiguration;
			buildSettings = {
				ALWAYS_SEARCH_USER_PATHS = NO;
				CLANG_ANALYZER_NONNULL = YES;
				CLANG_ANALYZER_NUMBER_OBJECT_CONVERSION = YES_AGGRESSIVE;
				CLANG_CXX_LANGUAGE_STANDARD = "gnu++0x";
				CLANG_CXX_LIBRARY = "libc++";
				CLANG_ENABLE_MODULES = YES;
				CLANG_ENABLE_OBJC_ARC = YES;
				CLANG_WARN_BOOL_CONVERSION = YES;
				CLANG_WARN_CONSTANT_CONVERSION = YES;
				CLANG_WARN_DIRECT_OBJC_ISA_USAGE = YES_ERROR;
				CLANG_WARN_DOCUMENTATION_COMMENTS = YES;
				CLANG_WARN_EMPTY_BODY = YES;
				CLANG_WARN_ENUM_CONVERSION = YES;
				CLANG_WARN_INFINITE_RECURSION = YES;
				CLANG_WARN_INT_CONVERSION = YES;
				CLANG_WARN_OBJC_ROOT_CLASS = YES_ERROR;
				CLANG_WARN_SUSPICIOUS_MOVE = YES;
				CLANG_WARN_UNREACHABLE_CODE = YES;
				CLANG_WARN__DUPLICATE_METHOD_MATCH = YES;
				"CODE_SIGN_IDENTITY[sdk=iphoneos*]" = "iPhone Developer";
				COPY_PHASE_STRIP = NO;
				DEBUG_INFORMATION_FORMAT = "dwarf-with-dsym";
				ENABLE_NS_ASSERTIONS = NO;
				ENABLE_STRICT_OBJC_MSGSEND = YES;
				GCC_C_LANGUAGE_STANDARD = gnu99;
				GCC_NO_COMMON_BLOCKS = YES;
				GCC_WARN_64_TO_32_BIT_CONVERSION = YES;
				GCC_WARN_ABOUT_RETURN_TYPE = YES_ERROR;
				GCC_WARN_UNDECLARED_SELECTOR = YES;
				GCC_WARN_UNINITIALIZED_AUTOS = YES_AGGRESSIVE;
				GCC_WARN_UNUSED_FUNCTION = YES;
				GCC_WARN_UNUSED_VARIABLE = YES;
				IPHONEOS_DEPLOYMENT_TARGET = 10.3;
				MTL_ENABLE_DEBUG_INFO = NO;
				SDKROOT = iphoneos;
				VALIDATE_PRODUCT = YES;
			};
			name = Release;
		};
		1C559D451F690BC5008CEF2E /* Debug */ = {
			isa = XCBuildConfiguration;
			buildSettings = {
				ASSETCATALOG_COMPILER_APPICON_NAME = AppIcon;
				DEVELOPMENT_TEAM = J2R2WQN5F8;
				INFOPLIST_FILE = OCTrump/Info.plist;
				LD_RUNPATH_SEARCH_PATHS = "$(inherited) @executable_path/Frameworks";
				PRODUCT_BUNDLE_IDENTIFIER = com.zolobdz.OCTrump;
				PRODUCT_NAME = "$(TARGET_NAME)";
			};
			name = Debug;
		};
		1C559D461F690BC5008CEF2E /* Release */ = {
			isa = XCBuildConfiguration;
			buildSettings = {
				ASSETCATALOG_COMPILER_APPICON_NAME = AppIcon;
				DEVELOPMENT_TEAM = J2R2WQN5F8;
				INFOPLIST_FILE = OCTrump/Info.plist;
				LD_RUNPATH_SEARCH_PATHS = "$(inherited) @executable_path/Frameworks";
				PRODUCT_BUNDLE_IDENTIFIER = com.zolobdz.OCTrump;
				PRODUCT_NAME = "$(TARGET_NAME)";
			};
			name = Release;
		};
/* End XCBuildConfiguration section */

/* Begin XCConfigurationList section */
		1C559D281F690BC5008CEF2E /* Build configuration list for PBXProject "OCTrump" */ = {
			isa = XCConfigurationList;
			buildConfigurations = (
				1C559D421F690BC5008CEF2E /* Debug */,
				1C559D431F690BC5008CEF2E /* Release */,
			);
			defaultConfigurationIsVisible = 0;
			defaultConfigurationName = Release;
		};
		1C559D441F690BC5008CEF2E /* Build configuration list for PBXNativeTarget "OCTrump" */ = {
			isa = XCConfigurationList;
			buildConfigurations = (
				1C559D451F690BC5008CEF2E /* Debug */,
				1C559D461F690BC5008CEF2E /* Release */,
			);
			defaultConfigurationIsVisible = 0;
		};
/* End XCConfigurationList section */
	};
	rootObject = 1C559D251F690BC5008CEF2E /* Project object */;
}
